
Microsoft Visual Studio Solution File, Format Version 12.00
Project("{LocalListEditors}") = "LocalListEditors", "LocalListEditors\LocalListEditors.csproj", "{CF197F2F-7CC3-47FF-843A-DE3A4260D4E6}"
EndProject
Global
	GlobalSection(SolutionConfigurationPlatforms) = preSolution
		Debug|Any CPU = Debug|Any CPU
		Release|Any CPU = Release|Any CPU
	EndGlobalSection
	GlobalSection(ProjectConfigurationPlatforms) = postSolution
		{CF197F2F-7CC3-47FF-843A-DE3A4260D4E6}.Debug|Any CPU.ActiveCfg = Debug|Any CPU
		{CF197F2F-7CC3-47FF-843A-DE3A4260D4E6}.Debug|Any CPU.Build.0 = Debug|Any CPU
		{CF197F2F-7CC3-47FF-843A-DE3A4260D4E6}.Release|Any CPU.ActiveCfg = Release|Any CPU
		{CF197F2F-7CC3-47FF-843A-DE3A4260D4E6}.Release|Any CPU.Build.0 = Release|Any CPU
	EndGlobalSection
EndGlobal
